uuid: ccfe27ff-ca7d-44a5-b0a1-3dad023c0f2c
langcode: en
status: true
dependencies:
  config:
    - views.view.who_s_online
  module:
    - views
  theme:
    - trojka
id: trojka_views_block__who_s_online_who_s_online_block
theme: trojka
region: sidebar
weight: 0
provider: null
plugin: 'views_block:who_s_online-who_s_online_block'
settings:
  id: 'views_block:who_s_online-who_s_online_block'
  label: ''
  label_display: visible
  provider: views
  views_label: ''
  items_per_page: none
visibility: {  }
